
Microsoft Visual Studio Solution File, Format Version 12.00
# Visual Studio 15
Project("{FAE04EC0-301F-11D3-BF4B-00C04F79EFBC}") = "Assembly-CSharp-firstpass", "Assembly-CSharp-firstpass.csproj", "{EFC2864B-AA16-7389-D1B9-A77A7868205C}"
EndProject
Project("{FAE04EC0-301F-11D3-BF4B-00C04F79EFBC}") = "Assembly-CSharp", "Assembly-CSharp.csproj", "{55285EDE-7FBD-C3A1-438B-214823680756}"
EndProject
Global
	GlobalSection(SolutionConfigurationPlatforms) = preSolution
		Debug|Any CPU = Debug|Any CPU
		Release|Any CPU = Release|Any CPU
	EndGlobalSection
	GlobalSection(ProjectConfigurationPlatforms) = postSolution
		{EFC2864B-AA16-7389-D1B9-A77A7868205C}.Debug|Any CPU.ActiveCfg = Debug|Any CPU
		{EFC2864B-AA16-7389-D1B9-A77A7868205C}.Debug|Any CPU.Build.0 = Debug|Any CPU
		{EFC2864B-AA16-7389-D1B9-A77A7868205C}.Release|Any CPU.ActiveCfg = Release|Any CPU
		{EFC2864B-AA16-7389-D1B9-A77A7868205C}.Release|Any CPU.Build.0 = Release|Any CPU
		{55285EDE-7FBD-C3A1-438B-214823680756}.Debug|Any CPU.ActiveCfg = Debug|Any CPU
		{55285EDE-7FBD-C3A1-438B-214823680756}.Debug|Any CPU.Build.0 = Debug|Any CPU
		{55285EDE-7FBD-C3A1-438B-214823680756}.Release|Any CPU.ActiveCfg = Release|Any CPU
		{55285EDE-7FBD-C3A1-438B-214823680756}.Release|Any CPU.Build.0 = Release|Any CPU
	EndGlobalSection
	GlobalSection(SolutionProperties) = preSolution
		HideSolutionNode = FALSE
	EndGlobalSection
EndGlobal
